
Microsoft Visual Studio Solution File, Format Version 12.00
# Visual Studio 2012
Project("{FAE04EC0-301F-11D3-BF4B-00C04F79EFBC}") = "PrawieTwitter.Library", "PrawieTwitter.Library\PrawieTwitter.Library.csproj", "{CCEBA631-D4EC-4B8F-A902-8118EC6DA49E}"
EndProject
Project("{FAE04EC0-301F-11D3-BF4B-00C04F79EFBC}") = "PrawieTwitter.Test", "PrawieTwitter.Test\PrawieTwitter.Test.csproj", "{A06EF949-92C6-4B8B-A4CD-6BE3A2873C39}"
EndProject
Project("{FAE04EC0-301F-11D3-BF4B-00C04F79EFBC}") = "PrawieTwitter.App", "PrawieTwitter.App\PrawieTwitter.App.csproj", "{A0B19CA6-8965-4114-B727-F18300BB0C61}"
EndProject
Global
	GlobalSection(SolutionConfigurationPlatforms) = preSolution
		Debug|Any CPU = Debug|Any CPU
		Release|Any CPU = Release|Any CPU
	EndGlobalSection
	GlobalSection(ProjectConfigurationPlatforms) = postSolution
		{CCEBA631-D4EC-4B8F-A902-8118EC6DA49E}.Debug|Any CPU.ActiveCfg = Debug|Any CPU
		{CCEBA631-D4EC-4B8F-A902-8118EC6DA49E}.Debug|Any CPU.Build.0 = Debug|Any CPU
		{CCEBA631-D4EC-4B8F-A902-8118EC6DA49E}.Release|Any CPU.ActiveCfg = Release|Any CPU
		{CCEBA631-D4EC-4B8F-A902-8118EC6DA49E}.Release|Any CPU.Build.0 = Release|Any CPU
		{A06EF949-92C6-4B8B-A4CD-6BE3A2873C39}.Debug|Any CPU.ActiveCfg = Debug|Any CPU
		{A06EF949-92C6-4B8B-A4CD-6BE3A2873C39}.Debug|Any CPU.Build.0 = Debug|Any CPU
		{A06EF949-92C6-4B8B-A4CD-6BE3A2873C39}.Release|Any CPU.ActiveCfg = Release|Any CPU
		{A06EF949-92C6-4B8B-A4CD-6BE3A2873C39}.Release|Any CPU.Build.0 = Release|Any CPU
		{A0B19CA6-8965-4114-B727-F18300BB0C61}.Debug|Any CPU.ActiveCfg = Debug|Any CPU
		{A0B19CA6-8965-4114-B727-F18300BB0C61}.Debug|Any CPU.Build.0 = Debug|Any CPU
		{A0B19CA6-8965-4114-B727-F18300BB0C61}.Release|Any CPU.ActiveCfg = Release|Any CPU
		{A0B19CA6-8965-4114-B727-F18300BB0C61}.Release|Any CPU.Build.0 = Release|Any CPU
	EndGlobalSection
	GlobalSection(SolutionProperties) = preSolution
		HideSolutionNode = FALSE
	EndGlobalSection
EndGlobal
